// !$*UTF8*$!
{
	archiveVersion = 1;
	classes = {
	};
	objectVersion = 70;
	objects = {

/* Begin PBXBuildFile section */
		CB4FEF222D4BF67800B0CDA1 /* SimpleAlertRefView.swift in Sources */ = {isa = PBXBuildFile; fileRef = CB4FEF212D4BF67800B0CDA1 /* SimpleAlertRefView.swift */; };
		CB4FEF242D4BFE9000B0CDA1 /* ComplexAlertView.swift in Sources */ = {isa = PBXBuildFile; fileRef = CB4FEF232D4BFE9000B0CDA1 /* ComplexAlertView.swift */; };
		CB4FEF252D4BFE9000B0CDA1 /* ComplexAlertView.swift in Sources */ = {isa = PBXBuildFile; fileRef = CB4FEF232D4BFE9000B0CDA1 /* ComplexAlertView.swift */; };
		CB4FEF262D4BFE9000B0CDA1 /* ComplexAlertView.swift in Sources */ = {isa = PBXBuildFile; fileRef = CB4FEF232D4BFE9000B0CDA1 /* ComplexAlertView.swift */; };
		CBB072AC30396C5C0002D883 /* ColorsSampleView.swift in Sources */ = {isa = PBXBuildFile; fileRef = CBB072AB30396C5C0002D883 /* ColorsSampleView.swift */; };
		CBB072AD30396C5C0002D883 /* ColorsSampleView.swift in Sources */ = {isa = PBXBuildFile; fileRef = CBB072AB30396C5C0002D883 /* ColorsSampleView.swift */; };
		CBB072AE30396C5C0002D883 /* ColorsSampleView.swift in Sources */ = {isa = PBXBuildFile; fileRef = CBB072AB30396C5C0002D883 /* ColorsSampleView.swift */; };
		CBB072B030396EC20002D883 /* PopoverSampleView.swift in Sources */ = {isa = PBXBuildFile; fileRef = CBB072AF30396EC20002D883 /* PopoverSampleView.swift */; };
		CBB072B130396EC20002D883 /* PopoverSampleView.swift in Sources */ = {isa = PBXBuildFile; fileRef = CBB072AF30396EC20002D883 /* PopoverSampleView.swift */; };
		CBB072B230396EC20002D883 /* PopoverSampleView.swift in Sources */ = {isa = PBXBuildFile; fileRef = CBB072AF30396EC20002D883 /* PopoverSampleView.swift */; };
		CBB0731A3047CA400002D883 /* Category.swift in Sources */ = {isa = PBXBuildFile; fileRef = CBB073193047CA400002D883 /* Category.swift */; };
		CBB0731B3047CA400002D883 /* Category.swift in Sources */ = {isa = PBXBuildFile; fileRef = CBB073193047CA400002D883 /* Category.swift */; };
		CBB0731C3047CA400002D883 /* Category.swift in Sources */ = {isa = PBXBuildFile; fileRef = CBB073193047CA400002D883 /* Category.swift */; };
		CBB0731E3047CBBB0002D883 /* CategoriesDataModel.swift in Sources */ = {isa = PBXBuildFile; fileRef = CBB0731D3047CBBB0002D883 /* CategoriesDataModel.swift */; };
		CBB0731F3047CBBB0002D883 /* CategoriesDataModel.swift in Sources */ = {isa = PBXBuildFile; fileRef = CBB0731D3047CBBB0002D883 /* CategoriesDataModel.swift */; };
		CBB073203047CBBB0002D883 /* CategoriesDataModel.swift in Sources */ = {isa = PBXBuildFile; fileRef = CBB0731D3047CBBB0002D883 /* CategoriesDataModel.swift */; };
		CBB073223047D36C0002D883 /* CategoryView.swift in Sources */ = {isa = PBXBuildFile; fileRef = CBB073213047D36C0002D883 /* CategoryView.swift */; };
		CBB073233047D36C0002D883 /* CategoryView.swift in Sources */ = {isa = PBXBuildFile; fileRef = CBB073213047D36C0002D883 /* CategoryView.swift */; };
		CBB073243047D36C0002D883 /* CategoryView.swift in Sources */ = {isa = PBXBuildFile; fileRef = CBB073213047D36C0002D883 /* CategoryView.swift */; };
		CBB073263047D5A50002D883 /* CategoryDetailView.swift in Sources */ = {isa = PBXBuildFile; fileRef = CBB073253047D5A50002D883 /* CategoryDetailView.swift */; };
		CBB073273047D5A50002D883 /* CategoryDetailView.swift in Sources */ = {isa = PBXBuildFile; fileRef = CBB073253047D5A50002D883 /* CategoryDetailView.swift */; };
		CBB073283047D5A50002D883 /* CategoryDetailView.swift in Sources */ = {isa = PBXBuildFile; fileRef = CBB073253047D5A50002D883 /* CategoryDetailView.swift */; };
		CBB0739F304B50F50002D883 /* DetailItem.swift in Sources */ = {isa = PBXBuildFile; fileRef = CBB0739E304B50F50002D883 /* DetailItem.swift */; };
		CBB073A0304B50F50002D883 /* DetailItem.swift in Sources */ = {isa = PBXBuildFile; fileRef = CBB0739E304B50F50002D883 /* DetailItem.swift */; };
		CBB073A1304B50F50002D883 /* DetailItem.swift in Sources */ = {isa = PBXBuildFile; fileRef = CBB0739E304B50F50002D883 /* DetailItem.swift */; };
		CBB07473304BB4E80002D883 /* LaTeXSwiftUI in Frameworks */ = {isa = PBXBuildFile; productRef = CBB07472304BB4E80002D883 /* LaTeXSwiftUI */; };
		CBB0747E304BB6210002D883 /* readme.txt in Resources */ = {isa = PBXBuildFile; fileRef = CBB07478304BB6210002D883 /* readme.txt */; };
		CBB0747F304BB6210002D883 /* pixel12x10.txt in Resources */ = {isa = PBXBuildFile; fileRef = CBB0747B304BB6210002D883 /* pixel12x10.txt */; };
		CBB07480304BB6210002D883 /* Pixel12x10.ttf in Resources */ = {isa = PBXBuildFile; fileRef = CBB07476304BB6210002D883 /* Pixel12x10.ttf */; };
		CBB07481304BB6210002D883 /* Driving Fast.mp3 in Resources */ = {isa = PBXBuildFile; fileRef = CBB07474304BB6210002D883 /* Driving Fast.mp3 */; };
		CBB07482304BB6210002D883 /* Pixel12x10Mono.ttf in Resources */ = {isa = PBXBuildFile; fileRef = CBB07477304BB6210002D883 /* Pixel12x10Mono.ttf */; };
		CBB07483304BB6210002D883 /* readme.txt in Resources */ = {isa = PBXBuildFile; fileRef = CBB07478304BB6210002D883 /* readme.txt */; };
		CBB07484304BB6210002D883 /* pixel12x10.txt in Resources */ = {isa = PBXBuildFile; fileRef = CBB0747B304BB6210002D883 /* pixel12x10.txt */; };
		CBB07485304BB6210002D883 /* Pixel12x10.ttf in Resources */ = {isa = PBXBuildFile; fileRef = CBB07476304BB6210002D883 /* Pixel12x10.ttf */; };
		CBB07486304BB6210002D883 /* Driving Fast.mp3 in Resources */ = {isa = PBXBuildFile; fileRef = CBB07474304BB6210002D883 /* Driving Fast.mp3 */; };
		CBB07487304BB6210002D883 /* Pixel12x10Mono.ttf in Resources */ = {isa = PBXBuildFile; fileRef = CBB07477304BB6210002D883 /* Pixel12x10Mono.ttf */; };
		CBB07488304BB6210002D883 /* readme.txt in Resources */ = {isa = PBXBuildFile; fileRef = CBB07478304BB6210002D883 /* readme.txt */; };
		CBB07489304BB6210002D883 /* pixel12x10.txt in Resources */ = {isa = PBXBuildFile; fileRef = CBB0747B304BB6210002D883 /* pixel12x10.txt */; };
		CBB0748A304BB6210002D883 /* Pixel12x10.ttf in Resources */ = {isa = PBXBuildFile; fileRef = CBB07476304BB6210002D883 /* Pixel12x10.ttf */; };
		CBB0748B304BB6210002D883 /* Driving Fast.mp3 in Resources */ = {isa = PBXBuildFile; fileRef = CBB07474304BB6210002D883 /* Driving Fast.mp3 */; };
		CBB0748C304BB6210002D883 /* Pixel12x10Mono.ttf in Resources */ = {isa = PBXBuildFile; fileRef = CBB07477304BB6210002D883 /* Pixel12x10Mono.ttf */; };
		CBC920422CC9E69500BF20EE /* SwiftUIReferenceApp.swift in Sources */ = {isa = PBXBuildFile; fileRef = CBC920412CC9E69500BF20EE /* SwiftUIReferenceApp.swift */; };
		CBC920442CC9E69500BF20EE /* ContentView.swift in Sources */ = {isa = PBXBuildFile; fileRef = CBC920432CC9E69500BF20EE /* ContentView.swift */; };
		CBC920462CC9E69600BF20EE /* Assets.xcassets in Resources */ = {isa = PBXBuildFile; fileRef = CBC920452CC9E69600BF20EE /* Assets.xcassets */; };
		CBC920492CC9E69600BF20EE /* Preview Assets.xcassets in Resources */ = {isa = PBXBuildFile; fileRef = CBC920482CC9E69600BF20EE /* Preview Assets.xcassets */; };
		CBC920532CC9E69600BF20EE /* SwiftUIReferenceTests.swift in Sources */ = {isa = PBXBuildFile; fileRef = CBC920522CC9E69600BF20EE /* SwiftUIReferenceTests.swift */; };
		CBC9205D2CC9E69600BF20EE /* SwiftUIReferenceUITests.swift in Sources */ = {isa = PBXBuildFile; fileRef = CBC9205C2CC9E69600BF20EE /* SwiftUIReferenceUITests.swift */; };
		CBC9205F2CC9E69600BF20EE /* SwiftUIReferenceUITestsLaunchTests.swift in Sources */ = {isa = PBXBuildFile; fileRef = CBC9205E2CC9E69600BF20EE /* SwiftUIReferenceUITestsLaunchTests.swift */; };
		CBDD0A402D4EBEA600756725 /* SimpleVC.swift in Sources */ = {isa = PBXBuildFile; fileRef = CBDD0A3F2D4EBEA600756725 /* SimpleVC.swift */; };
		CBDD0A412D4EBEA600756725 /* SimpleVC.swift in Sources */ = {isa = PBXBuildFile; fileRef = CBDD0A3F2D4EBEA600756725 /* SimpleVC.swift */; };
		CBDD0A422D4EBEA600756725 /* SimpleVC.swift in Sources */ = {isa = PBXBuildFile; fileRef = CBDD0A3F2D4EBEA600756725 /* SimpleVC.swift */; };
		CBDD0A442D4EC25D00756725 /* SimpleUIView.swift in Sources */ = {isa = PBXBuildFile; fileRef = CBDD0A432D4EC25D00756725 /* SimpleUIView.swift */; };
		CBDD0A452D4EC25D00756725 /* SimpleUIView.swift in Sources */ = {isa = PBXBuildFile; fileRef = CBDD0A432D4EC25D00756725 /* SimpleUIView.swift */; };
		CBDD0A462D4EC25D00756725 /* SimpleUIView.swift in Sources */ = {isa = PBXBuildFile; fileRef = CBDD0A432D4EC25D00756725 /* SimpleUIView.swift */; };
		CBDD0A482D4EC34200756725 /* SimpleContainerUIView.swift in Sources */ = {isa = PBXBuildFile; fileRef = CBDD0A472D4EC34200756725 /* SimpleContainerUIView.swift */; };
		CBDD0A492D4EC34200756725 /* SimpleContainerUIView.swift in Sources */ = {isa = PBXBuildFile; fileRef = CBDD0A472D4EC34200756725 /* SimpleContainerUIView.swift */; };
		CBDD0A4A2D4EC34200756725 /* SimpleContainerUIView.swift in Sources */ = {isa = PBXBuildFile; fileRef = CBDD0A472D4EC34200756725 /* SimpleContainerUIView.swift */; };
		CBDD0A4D2D4F14F800756725 /* TextAndLabelsUIView.swift in Sources */ = {isa = PBXBuildFile; fileRef = CBDD0A4C2D4F14F800756725 /* TextAndLabelsUIView.swift */; };
		CBDD0A4E2D4F14F800756725 /* TextAndLabelsUIView.swift in Sources */ = {isa = PBXBuildFile; fileRef = CBDD0A4C2D4F14F800756725 /* TextAndLabelsUIView.swift */; };
		CBDD0A4F2D4F14F800756725 /* TextAndLabelsUIView.swift in Sources */ = {isa = PBXBuildFile; fileRef = CBDD0A4C2D4F14F800756725 /* TextAndLabelsUIView.swift */; };
		CBDD0A792D50946B00756725 /* ContentViewModel.swift in Sources */ = {isa = PBXBuildFile; fileRef = CBDD0A782D50946B00756725 /* ContentViewModel.swift */; };
		CBDD0A7A2D50946B00756725 /* ContentViewModel.swift in Sources */ = {isa = PBXBuildFile; fileRef = CBDD0A782D50946B00756725 /* ContentViewModel.swift */; };
		CBDD0A7B2D50946B00756725 /* ContentViewModel.swift in Sources */ = {isa = PBXBuildFile; fileRef = CBDD0A782D50946B00756725 /* ContentViewModel.swift */; };
		CBDD0A892D5110D800756725 /* AccessibilityRefView.swift in Sources */ = {isa = PBXBuildFile; fileRef = CBDD0A882D5110D800756725 /* AccessibilityRefView.swift */; };
		CBDD0A8A2D5110D800756725 /* AccessibilityRefView.swift in Sources */ = {isa = PBXBuildFile; fileRef = CBDD0A882D5110D800756725 /* AccessibilityRefView.swift */; };
		CBDD0A8B2D5110D800756725 /* AccessibilityRefView.swift in Sources */ = {isa = PBXBuildFile; fileRef = CBDD0A882D5110D800756725 /* AccessibilityRefView.swift */; };
		CBDD0A8E2D5118BE00756725 /* AutomaticGrammarAgreementRefView.swift in Sources */ = {isa = PBXBuildFile; fileRef = CBDD0A8D2D5118BE00756725 /* AutomaticGrammarAgreementRefView.swift */; };
		CBDD0A8F2D5118BE00756725 /* AutomaticGrammarAgreementRefView.swift in Sources */ = {isa = PBXBuildFile; fileRef = CBDD0A8D2D5118BE00756725 /* AutomaticGrammarAgreementRefView.swift */; };
		CBDD0A902D5118BE00756725 /* AutomaticGrammarAgreementRefView.swift in Sources */ = {isa = PBXBuildFile; fileRef = CBDD0A8D2D5118BE00756725 /* AutomaticGrammarAgreementRefView.swift */; };
		CBDD0A922D5123E200756725 /* LazyLoadingTableView.swift in Sources */ = {isa = PBXBuildFile; fileRef = CBDD0A912D5123E200756725 /* LazyLoadingTableView.swift */; };
		CBDD0A932D5123E200756725 /* LazyLoadingTableView.swift in Sources */ = {isa = PBXBuildFile; fileRef = CBDD0A912D5123E200756725 /* LazyLoadingTableView.swift */; };
		CBDD0A942D5123E200756725 /* LazyLoadingTableView.swift in Sources */ = {isa = PBXBuildFile; fileRef = CBDD0A912D5123E200756725 /* LazyLoadingTableView.swift */; };
		CBDD0A962D51245300756725 /* MyTableViewController.swift in Sources */ = {isa = PBXBuildFile; fileRef = CBDD0A952D51245300756725 /* MyTableViewController.swift */; };
		CBDD0A972D51245300756725 /* MyTableViewController.swift in Sources */ = {isa = PBXBuildFile; fileRef = CBDD0A952D51245300756725 /* MyTableViewController.swift */; };
		CBDD0A982D51245300756725 /* MyTableViewController.swift in Sources */ = {isa = PBXBuildFile; fileRef = CBDD0A952D51245300756725 /* MyTableViewController.swift */; };
/* End PBXBuildFile section */

/* Begin PBXContainerItemProxy section */
		CBC9204F2CC9E69600BF20EE /* PBXContainerItemProxy */ = {
			isa = PBXContainerItemProxy;
			containerPortal = CBC920362CC9E69500BF20EE /* Project object */;
			proxyType = 1;
			remoteGlobalIDString = CBC9203D2CC9E69500BF20EE;
			remoteInfo = SwiftUIReference;
		};
		CBC920592CC9E69600BF20EE /* PBXContainerItemProxy */ = {
			isa = PBXContainerItemProxy;
			containerPortal = CBC920362CC9E69500BF20EE /* Project object */;
			proxyType = 1;
			remoteGlobalIDString = CBC9203D2CC9E69500BF20EE;
			remoteInfo = SwiftUIReference;
		};
/* End PBXContainerItemProxy section */

/* Begin PBXFileReference section */
		CB4FEF212D4BF67800B0CDA1 /* SimpleAlertRefView.swift */ = {isa = PBXFileReference; lastKnownFileType = sourcecode.swift; path = SimpleAlertRefView.swift; sourceTree = "<group>"; };
		CB4FEF232D4BFE9000B0CDA1 /* ComplexAlertView.swift */ = {isa = PBXFileReference; lastKnownFileType = sourcecode.swift; path = ComplexAlertView.swift; sourceTree = "<group>"; };
		CBB072AB30396C5C0002D883 /* ColorsSampleView.swift */ = {isa = PBXFileReference; lastKnownFileType = sourcecode.swift; path = ColorsSampleView.swift; sourceTree = "<group>"; };
		CBB072AF30396EC20002D883 /* PopoverSampleView.swift */ = {isa = PBXFileReference; lastKnownFileType = sourcecode.swift; path = PopoverSampleView.swift; sourceTree = "<group>"; };
		CBB073193047CA400002D883 /* Category.swift */ = {isa = PBXFileReference; lastKnownFileType = sourcecode.swift; path = Category.swift; sourceTree = "<group>"; };
		CBB0731D3047CBBB0002D883 /* CategoriesDataModel.swift */ = {isa = PBXFileReference; lastKnownFileType = sourcecode.swift; path = CategoriesDataModel.swift; sourceTree = "<group>"; };
		CBB073213047D36C0002D883 /* CategoryView.swift */ = {isa = PBXFileReference; lastKnownFileType = sourcecode.swift; path = CategoryView.swift; sourceTree = "<group>"; };
		CBB073253047D5A50002D883 /* CategoryDetailView.swift */ = {isa = PBXFileReference; lastKnownFileType = sourcecode.swift; path = CategoryDetailView.swift; sourceTree = "<group>"; };
		CBB0739E304B50F50002D883 /* DetailItem.swift */ = {isa = PBXFileReference; lastKnownFileType = sourcecode.swift; path = DetailItem.swift; sourceTree = "<group>"; };
		CBB07474304BB6210002D883 /* Driving Fast.mp3 */ = {isa = PBXFileReference; lastKnownFileType = audio.mp3; path = "Driving Fast.mp3"; sourceTree = "<group>"; };
		CBB07476304BB6210002D883 /* Pixel12x10.ttf */ = {isa = PBXFileReference; lastKnownFileType = file; path = Pixel12x10.ttf; sourceTree = "<group>"; };
		CBB07477304BB6210002D883 /* Pixel12x10Mono.ttf */ = {isa = PBXFileReference; lastKnownFileType = file; path = Pixel12x10Mono.ttf; sourceTree = "<group>"; };
		CBB07478304BB6210002D883 /* readme.txt */ = {isa = PBXFileReference; lastKnownFileType = text; path = readme.txt; sourceTree = "<group>"; };
		CBB0747B304BB6210002D883 /* pixel12x10.txt */ = {isa = PBXFileReference; lastKnownFileType = text; path = pixel12x10.txt; sourceTree = "<group>"; };
		CBB0748D304BB82C0002D883 /* Info.plist */ = {isa = PBXFileReference; lastKnownFileType = text.plist; path = Info.plist; sourceTree = "<group>"; };
		CBC9203E2CC9E69500BF20EE /* SwiftUIReference.app */ = {isa = PBXFileReference; explicitFileType = wrapper.application; includeInIndex = 0; path = SwiftUIReference.app; sourceTree = BUILT_PRODUCTS_DIR; };
		CBC920412CC9E69500BF20EE /* SwiftUIReferenceApp.swift */ = {isa = PBXFileReference; lastKnownFileType = sourcecode.swift; path = SwiftUIReferenceApp.swift; sourceTree = "<group>"; };
		CBC920432CC9E69500BF20EE /* ContentView.swift */ = {isa = PBXFileReference; lastKnownFileType = sourcecode.swift; path = ContentView.swift; sourceTree = "<group>"; };
		CBC920452CC9E69600BF20EE /* Assets.xcassets */ = {isa = PBXFileReference; lastKnownFileType = folder.assetcatalog; path = Assets.xcassets; sourceTree = "<group>"; };
		CBC920482CC9E69600BF20EE /* Preview Assets.xcassets */ = {isa = PBXFileReference; lastKnownFileType = folder.assetcatalog; path = "Preview Assets.xcassets"; sourceTree = "<group>"; };
		CBC9204E2CC9E69600BF20EE /* SwiftUIReferenceTests.xctest */ = {isa = PBXFileReference; explicitFileType = wrapper.cfbundle; includeInIndex = 0; path = SwiftUIReferenceTests.xctest; sourceTree = BUILT_PRODUCTS_DIR; };
		CBC920522CC9E69600BF20EE /* SwiftUIReferenceTests.swift */ = {isa = PBXFileReference; lastKnownFileType = sourcecode.swift; path = SwiftUIReferenceTests.swift; sourceTree = "<group>"; };
		CBC920582CC9E69600BF20EE /* SwiftUIReferenceUITests.xctest */ = {isa = PBXFileReference; explicitFileType = wrapper.cfbundle; includeInIndex = 0; path = SwiftUIReferenceUITests.xctest; sourceTree = BUILT_PRODUCTS_DIR; };
		CBC9205C2CC9E69600BF20EE /* SwiftUIReferenceUITests.swift */ = {isa = PBXFileReference; lastKnownFileType = sourcecode.swift; path = SwiftUIReferenceUITests.swift; sourceTree = "<group>"; };
		CBC9205E2CC9E69600BF20EE /* SwiftUIReferenceUITestsLaunchTests.swift */ = {isa = PBXFileReference; lastKnownFileType = sourcecode.swift; path = SwiftUIReferenceUITestsLaunchTests.swift; sourceTree = "<group>"; };
		CBDD0A3F2D4EBEA600756725 /* SimpleVC.swift */ = {isa = PBXFileReference; lastKnownFileType = sourcecode.swift; path = SimpleVC.swift; sourceTree = "<group>"; };
		CBDD0A432D4EC25D00756725 /* SimpleUIView.swift */ = {isa = PBXFileReference; lastKnownFileType = sourcecode.swift; path = SimpleUIView.swift; sourceTree = "<group>"; };
		CBDD0A472D4EC34200756725 /* SimpleContainerUIView.swift */ = {isa = PBXFileReference; lastKnownFileType = sourcecode.swift; path = SimpleContainerUIView.swift; sourceTree = "<group>"; };
		CBDD0A4C2D4F14F800756725 /* TextAndLabelsUIView.swift */ = {isa = PBXFileReference; lastKnownFileType = sourcecode.swift; path = TextAndLabelsUIView.swift; sourceTree = "<group>"; };
		CBDD0A782D50946B00756725 /* ContentViewModel.swift */ = {isa = PBXFileReference; lastKnownFileType = sourcecode.swift; path = ContentViewModel.swift; sourceTree = "<group>"; };
		CBDD0A882D5110D800756725 /* AccessibilityRefView.swift */ = {isa = PBXFileReference; lastKnownFileType = sourcecode.swift; path = AccessibilityRefView.swift; sourceTree = "<group>"; };
		CBDD0A8D2D5118BE00756725 /* AutomaticGrammarAgreementRefView.swift */ = {isa = PBXFileReference; lastKnownFileType = sourcecode.swift; path = AutomaticGrammarAgreementRefView.swift; sourceTree = "<group>"; };
		CBDD0A912D5123E200756725 /* LazyLoadingTableView.swift */ = {isa = PBXFileReference; lastKnownFileType = sourcecode.swift; path = LazyLoadingTableView.swift; sourceTree = "<group>"; };
		CBDD0A952D51245300756725 /* MyTableViewController.swift */ = {isa = PBXFileReference; lastKnownFileType = sourcecode.swift; path = MyTableViewController.swift; sourceTree = "<group>"; };
/* End PBXFileReference section */

/* Begin PBXFileSystemSynchronizedBuildFileExceptionSet section */
		CBB071FE303945F20002D883 /* PBXFileSystemSynchronizedBuildFileExceptionSet */ = {
			isa = PBXFileSystemSynchronizedBuildFileExceptionSet;
			membershipExceptions = (
				NavigationSplitView/NavSplitAltRefView.swift,
				NavigationSplitView/NavSplitRefUIView.swift,
				NavigationStack/NavigationStack2.swift,
				NavigationStack/NavigationStack3.swift,
				NavigationStack/NavigationStack4.swift,
				NavigationStack/NavigationStack5.swift,
				NavigationStack/NavigationStackRef.swift,
				NavigationStack/NavStackDebug.swift,
				NavigationStack/NavStackSkip.swift,
				NavigationView/NavigationViewREFView.swift,
				TabView/TabReView.swift,
			);
			target = CBC9204D2CC9E69600BF20EE /* SwiftUIReferenceTests */;
		};
		CBB071FF303945F20002D883 /* PBXFileSystemSynchronizedBuildFileExceptionSet */ = {
			isa = PBXFileSystemSynchronizedBuildFileExceptionSet;
			membershipExceptions = (
				NavigationSplitView/NavSplitAltRefView.swift,
				NavigationSplitView/NavSplitRefUIView.swift,
				NavigationStack/NavigationStack2.swift,
				NavigationStack/NavigationStack3.swift,
				NavigationStack/NavigationStack4.swift,
				NavigationStack/NavigationStack5.swift,
				NavigationStack/NavigationStackRef.swift,
				NavigationStack/NavStackDebug.swift,
				NavigationStack/NavStackSkip.swift,
				NavigationView/NavigationViewREFView.swift,
				TabView/TabReView.swift,
			);
			target = CBC920572CC9E69600BF20EE /* SwiftUIReferenceUITests */;
		};
		CBB0720E303946120002D883 /* PBXFileSystemSynchronizedBuildFileExceptionSet */ = {
			isa = PBXFileSystemSynchronizedBuildFileExceptionSet;
			membershipExceptions = (
				"Grids Lists/GridRefUIView.swift",
				"Grids Lists/HorizontalScrollView.swift",
				"Grids Lists/LazyHGridRefView.swift",
				"Grids Lists/ListSampleView.swift",
			);
			target = CBC9204D2CC9E69600BF20EE /* SwiftUIReferenceTests */;
		};
		CBB0720F303946120002D883 /* PBXFileSystemSynchronizedBuildFileExceptionSet */ = {
			isa = PBXFileSystemSynchronizedBuildFileExceptionSet;
			membershipExceptions = (
				"Grids Lists/GridRefUIView.swift",
				"Grids Lists/HorizontalScrollView.swift",
				"Grids Lists/LazyHGridRefView.swift",
				"Grids Lists/ListSampleView.swift",
			);
			target = CBC920572CC9E69600BF20EE /* SwiftUIReferenceUITests */;
		};
		CBB072243039477E0002D883 /* PBXFileSystemSynchronizedBuildFileExceptionSet */ = {
			isa = PBXFileSystemSynchronizedBuildFileExceptionSet;
			membershipExceptions = (
				Concurency/TaskReferenceView.swift,
				PropertyWrappers/PropertyWrapperView.swift,
			);
			target = CBC9204D2CC9E69600BF20EE /* SwiftUIReferenceTests */;
		};
		CBB072253039477E0002D883 /* PBXFileSystemSynchronizedBuildFileExceptionSet */ = {
			isa = PBXFileSystemSynchronizedBuildFileExceptionSet;
			membershipExceptions = (
				Concurency/TaskReferenceView.swift,
				PropertyWrappers/PropertyWrapperView.swift,
			);
			target = CBC920572CC9E69600BF20EE /* SwiftUIReferenceUITests */;
		};
		CBB0732A304921D60002D883 /* PBXFileSystemSynchronizedBuildFileExceptionSet */ = {
			isa = PBXFileSystemSynchronizedBuildFileExceptionSet;
			membershipExceptions = (
				MusicListView/MusicListView.swift,
				MusicListView/MusicViewModel.swift,
			);
			target = CBC9204D2CC9E69600BF20EE /* SwiftUIReferenceTests */;
		};
		CBB0732B304921D60002D883 /* PBXFileSystemSynchronizedBuildFileExceptionSet */ = {
			isa = PBXFileSystemSynchronizedBuildFileExceptionSet;
			membershipExceptions = (
				MusicListView/MusicListView.swift,
				MusicListView/MusicViewModel.swift,
			);
			target = CBC920572CC9E69600BF20EE /* SwiftUIReferenceUITests */;
		};
		CBB073303049DA9B0002D883 /* PBXFileSystemSynchronizedBuildFileExceptionSet */ = {
			isa = PBXFileSystemSynchronizedBuildFileExceptionSet;
			membershipExceptions = (
				MDToolBarModifier.swift,
				ToolBarModifierSampleView.swift,
			);
			target = CBC9204D2CC9E69600BF20EE /* SwiftUIReferenceTests */;
		};
		CBB073313049DA9B0002D883 /* PBXFileSystemSynchronizedBuildFileExceptionSet */ = {
			isa = PBXFileSystemSynchronizedBuildFileExceptionSet;
			membershipExceptions = (
				MDToolBarModifier.swift,
				ToolBarModifierSampleView.swift,
			);
			target = CBC920572CC9E69600BF20EE /* SwiftUIReferenceUITests */;
		};
		CBB073AC304B55AD0002D883 /* PBXFileSystemSynchronizedBuildFileExceptionSet */ = {
			isa = PBXFileSystemSynchronizedBuildFileExceptionSet;
			membershipExceptions = (
				ReferenceProtocol.swift,
			);
			target = CBC9204D2CC9E69600BF20EE /* SwiftUIReferenceTests */;
		};
		CBB073AD304B55AD0002D883 /* PBXFileSystemSynchronizedBuildFileExceptionSet */ = {
			isa = PBXFileSystemSynchronizedBuildFileExceptionSet;
			membershipExceptions = (
				ReferenceProtocol.swift,
			);
			target = CBC920572CC9E69600BF20EE /* SwiftUIReferenceUITests */;
		};
/* End PBXFileSystemSynchronizedBuildFileExceptionSet section */

/* Begin PBXFileSystemSynchronizedRootGroup section */
		CBB071CD303944210002D883 /* ReferenceComponents */ = {isa = PBXFileSystemSynchronizedRootGroup; exceptions = (CBB073AC304B55AD0002D883 /* PBXFileSystemSynchronizedBuildFileExceptionSet */, CBB073AD304B55AD0002D883 /* PBXFileSystemSynchronizedBuildFileExceptionSet */, ); explicitFileTypes = {}; explicitFolders = (); path = ReferenceComponents; sourceTree = "<group>"; };
		CBB071D23039458B0002D883 /* Navigation */ = {isa = PBXFileSystemSynchronizedRootGroup; exceptions = (CBB071FE303945F20002D883 /* PBXFileSystemSynchronizedBuildFileExceptionSet */, CBB071FF303945F20002D883 /* PBXFileSystemSynchronizedBuildFileExceptionSet */, ); explicitFileTypes = {}; explicitFolders = (); path = Navigation; sourceTree = "<group>"; };
		CBB07200303946010002D883 /* ListCollections */ = {isa = PBXFileSystemSynchronizedRootGroup; exceptions = (CBB0720E303946120002D883 /* PBXFileSystemSynchronizedBuildFileExceptionSet */, CBB0720F303946120002D883 /* PBXFileSystemSynchronizedBuildFileExceptionSet */, ); explicitFileTypes = {}; explicitFolders = (); path = ListCollections; sourceTree = "<group>"; };
		CBB0721E303947770002D883 /* DataFlow */ = {isa = PBXFileSystemSynchronizedRootGroup; exceptions = (CBB072243039477E0002D883 /* PBXFileSystemSynchronizedBuildFileExceptionSet */, CBB072253039477E0002D883 /* PBXFileSystemSynchronizedBuildFileExceptionSet */, ); explicitFileTypes = {}; explicitFolders = (); path = DataFlow; sourceTree = "<group>"; };
		CBB0722B303947C20002D883 /* Buttons */ = {isa = PBXFileSystemSynchronizedRootGroup; explicitFileTypes = {}; explicitFolders = (); path = Buttons; sourceTree = "<group>"; };
		CBB072A8303950620002D883 /* Extensions & Modifiers */ = {isa = PBXFileSystemSynchronizedRootGroup; exceptions = (CBB073303049DA9B0002D883 /* PBXFileSystemSynchronizedBuildFileExceptionSet */, CBB073313049DA9B0002D883 /* PBXFileSystemSynchronizedBuildFileExceptionSet */, ); explicitFileTypes = {}; explicitFolders = (); path = "Extensions & Modifiers"; sourceTree = "<group>"; };
		CBB07329304921CF0002D883 /* Network */ = {isa = PBXFileSystemSynchronizedRootGroup; exceptions = (CBB0732A304921D60002D883 /* PBXFileSystemSynchronizedBuildFileExceptionSet */, CBB0732B304921D60002D883 /* PBXFileSystemSynchronizedBuildFileExceptionSet */, ); explicitFileTypes = {}; explicitFolders = (); path = Network; sourceTree = "<group>"; };
		CBB0739D304B3C5D0002D883 /* CustomComponents */ = {isa = PBXFileSystemSynchronizedRootGroup; explicitFileTypes = {}; explicitFolders = (); path = CustomComponents; sourceTree = "<group>"; };
/* End PBXFileSystemSynchronizedRootGroup section */

/* Begin PBXFrameworksBuildPhase section */
		CBC9203B2CC9E69500BF20EE /* Frameworks */ = {
			isa = PBXFrameworksBuildPhase;
			buildActionMask = 2147483647;
			files = (
				CBB07473304BB4E80002D883 /* LaTeXSwiftUI in Frameworks */,
			);
			runOnlyForDeploymentPostprocessing = 0;
		};
		CBC9204B2CC9E69600BF20EE /* Frameworks */ = {
			isa = PBXFrameworksBuildPhase;
			buildActionMask = 2147483647;
			files = (
			);
			runOnlyForDeploymentPostprocessing = 0;
		};
		CBC920552CC9E69600BF20EE /* Frameworks */ = {
			isa = PBXFrameworksBuildPhase;
			buildActionMask = 2147483647;
			files = (
			);
			runOnlyForDeploymentPostprocessing = 0;
		};
/* End PBXFrameworksBuildPhase section */

/* Begin PBXGroup section */
		CBB0722C303948130002D883 /* Colors */ = {
			isa = PBXGroup;
			children = (
				CBB072AB30396C5C0002D883 /* ColorsSampleView.swift */,
			);
			path = Colors;
			sourceTree = "<group>";
		};
		CBB072A230394DE50002D883 /* Images */ = {
			isa = PBXGroup;
			children = (
			);
			path = Images;
			sourceTree = "<group>";
		};
		CBB073163047C98A0002D883 /* Model */ = {
			isa = PBXGroup;
			children = (
				CBB073193047CA400002D883 /* Category.swift */,
				CBB0731D3047CBBB0002D883 /* CategoriesDataModel.swift */,
				CBB0739E304B50F50002D883 /* DetailItem.swift */,
			);
			path = Model;
			sourceTree = "<group>";
		};
		CBB073173047C9990002D883 /* Categories */ = {
			isa = PBXGroup;
			children = (
				CBB073AF304BB2100002D883 /* Video */,
				CBB073AE304BB20A0002D883 /* Audio */,
				CBB07329304921CF0002D883 /* Network */,
				CBB073183047C9C40002D883 /* View */,
				CBB072A8303950620002D883 /* Extensions & Modifiers */,
				CBDD0A8C2D51189400756725 /* CoolFeatures */,
				CBB0721E303947770002D883 /* DataFlow */,
				CBB07200303946010002D883 /* ListCollections */,
				CBB071D23039458B0002D883 /* Navigation */,
				CBDD0A7C2D50F42400756725 /* UIKit */,
				CBB0739D304B3C5D0002D883 /* CustomComponents */,
			);
			path = Categories;
			sourceTree = "<group>";
		};
		CBB073183047C9C40002D883 /* View */ = {
			isa = PBXGroup;
			children = (
				CBDD0A872D5110C000756725 /* Accessibility */,
				CBDD0A3A2D4EBCE200756725 /* Alerts */,
				CBB0722B303947C20002D883 /* Buttons */,
				CBB0722C303948130002D883 /* Colors */,
				CBDD0A4B2D4EE52800756725 /* TextLabel */,
				CBB072A230394DE50002D883 /* Images */,
			);
			path = View;
			sourceTree = "<group>";
		};
		CBB073AE304BB20A0002D883 /* Audio */ = {
			isa = PBXGroup;
			children = (
			);
			path = Audio;
			sourceTree = "<group>";
		};
		CBB073AF304BB2100002D883 /* Video */ = {
			isa = PBXGroup;
			children = (
			);
			path = Video;
			sourceTree = "<group>";
		};
		CBB07475304BB6210002D883 /* Audio */ = {
			isa = PBXGroup;
			children = (
				CBB07474304BB6210002D883 /* Driving Fast.mp3 */,
			);
			path = Audio;
			sourceTree = "<group>";
		};
		CBB07479304BB6210002D883 /* Pixel12x10 */ = {
			isa = PBXGroup;
			children = (
				CBB07476304BB6210002D883 /* Pixel12x10.ttf */,
				CBB07477304BB6210002D883 /* Pixel12x10Mono.ttf */,
				CBB07478304BB6210002D883 /* readme.txt */,
			);
			path = Pixel12x10;
			sourceTree = "<group>";
		};
		CBB0747A304BB6210002D883 /* Font */ = {
			isa = PBXGroup;
			children = (
				CBB07479304BB6210002D883 /* Pixel12x10 */,
			);
			path = Font;
			sourceTree = "<group>";
		};
		CBB0747C304BB6210002D883 /* Licences */ = {
			isa = PBXGroup;
			children = (
				CBB0747B304BB6210002D883 /* pixel12x10.txt */,
			);
			path = Licences;
			sourceTree = "<group>";
		};
		CBB0747D304BB6210002D883 /* Resources */ = {
			isa = PBXGroup;
			children = (
				CBB07475304BB6210002D883 /* Audio */,
				CBB0747A304BB6210002D883 /* Font */,
				CBB0747C304BB6210002D883 /* Licences */,
			);
			path = Resources;
			sourceTree = "<group>";
		};
		CBC920352CC9E69500BF20EE = {
			isa = PBXGroup;
			children = (
				CBC920402CC9E69500BF20EE /* SwiftUIReference */,
				CBC920512CC9E69600BF20EE /* SwiftUIReferenceTests */,
				CBC9205B2CC9E69600BF20EE /* SwiftUIReferenceUITests */,
				CBC9203F2CC9E69500BF20EE /* Products */,
			);
			sourceTree = "<group>";
		};
		CBC9203F2CC9E69500BF20EE /* Products */ = {
			isa = PBXGroup;
			children = (
				CBC9203E2CC9E69500BF20EE /* SwiftUIReference.app */,
				CBC9204E2CC9E69600BF20EE /* SwiftUIReferenceTests.xctest */,
				CBC920582CC9E69600BF20EE /* SwiftUIReferenceUITests.xctest */,
			);
			name = Products;
			sourceTree = "<group>";
		};
		CBC920402CC9E69500BF20EE /* SwiftUIReference */ = {
			isa = PBXGroup;
			children = (
				CBB0748D304BB82C0002D883 /* Info.plist */,
				CBB0747D304BB6210002D883 /* Resources */,
				CBB071CD303944210002D883 /* ReferenceComponents */,
				CBB073173047C9990002D883 /* Categories */,
				CBB073163047C98A0002D883 /* Model */,
				CBDD0A3B2D4EBCFE00756725 /* Views */,
				CBC920412CC9E69500BF20EE /* SwiftUIReferenceApp.swift */,
				CBC920452CC9E69600BF20EE /* Assets.xcassets */,
				CBC920472CC9E69600BF20EE /* Preview Content */,
			);
			path = SwiftUIReference;
			sourceTree = "<group>";
		};
		CBC920472CC9E69600BF20EE /* Preview Content */ = {
			isa = PBXGroup;
			children = (
				CBC920482CC9E69600BF20EE /* Preview Assets.xcassets */,
			);
			path = "Preview Content";
			sourceTree = "<group>";
		};
		CBC920512CC9E69600BF20EE /* SwiftUIReferenceTests */ = {
			isa = PBXGroup;
			children = (
				CBC920522CC9E69600BF20EE /* SwiftUIReferenceTests.swift */,
			);
			path = SwiftUIReferenceTests;
			sourceTree = "<group>";
		};
		CBC9205B2CC9E69600BF20EE /* SwiftUIReferenceUITests */ = {
			isa = PBXGroup;
			children = (
				CBC9205C2CC9E69600BF20EE /* SwiftUIReferenceUITests.swift */,
				CBC9205E2CC9E69600BF20EE /* SwiftUIReferenceUITestsLaunchTests.swift */,
			);
			path = SwiftUIReferenceUITests;
			sourceTree = "<group>";
		};
		CBDD0A392D4EBCD800756725 /* Coordinator */ = {
			isa = PBXGroup;
			children = (
				CBDD0A992D5127FA00756725 /* SimpleCoordinatorS */,
			);
			path = Coordinator;
			sourceTree = "<group>";
		};
		CBDD0A3A2D4EBCE200756725 /* Alerts */ = {
			isa = PBXGroup;
			children = (
				CB4FEF212D4BF67800B0CDA1 /* SimpleAlertRefView.swift */,
				CB4FEF232D4BFE9000B0CDA1 /* ComplexAlertView.swift */,
				CBB072AF30396EC20002D883 /* PopoverSampleView.swift */,
			);
			path = Alerts;
			sourceTree = "<group>";
		};
		CBDD0A3B2D4EBCFE00756725 /* Views */ = {
			isa = PBXGroup;
			children = (
				CBDD0A782D50946B00756725 /* ContentViewModel.swift */,
				CBC920432CC9E69500BF20EE /* ContentView.swift */,
				CBB073213047D36C0002D883 /* CategoryView.swift */,
				CBB073253047D5A50002D883 /* CategoryDetailView.swift */,
			);
			path = Views;
			sourceTree = "<group>";
		};
		CBDD0A4B2D4EE52800756725 /* TextLabel */ = {
			isa = PBXGroup;
			children = (
				CBDD0A4C2D4F14F800756725 /* TextAndLabelsUIView.swift */,
			);
			path = TextLabel;
			sourceTree = "<group>";
		};
		CBDD0A7C2D50F42400756725 /* UIKit */ = {
			isa = PBXGroup;
			children = (
				CBDD0A7D2D50F42900756725 /* LazyLoadingTableView */,
				CBDD0A392D4EBCD800756725 /* Coordinator */,
			);
			path = UIKit;
			sourceTree = "<group>";
		};
		CBDD0A7D2D50F42900756725 /* LazyLoadingTableView */ = {
			isa = PBXGroup;
			children = (
				CBDD0A912D5123E200756725 /* LazyLoadingTableView.swift */,
				CBDD0A952D51245300756725 /* MyTableViewController.swift */,
			);
			path = LazyLoadingTableView;
			sourceTree = "<group>";
		};
		CBDD0A872D5110C000756725 /* Accessibility */ = {
			isa = PBXGroup;
			children = (
				CBDD0A882D5110D800756725 /* AccessibilityRefView.swift */,
			);
			path = Accessibility;
			sourceTree = "<group>";
		};
		CBDD0A8C2D51189400756725 /* CoolFeatures */ = {
			isa = PBXGroup;
			children = (
				CBDD0A8D2D5118BE00756725 /* AutomaticGrammarAgreementRefView.swift */,
			);
			path = CoolFeatures;
			sourceTree = "<group>";
		};
		CBDD0A992D5127FA00756725 /* SimpleCoordinatorS */ = {
			isa = PBXGroup;
			children = (
				CBDD0A3F2D4EBEA600756725 /* SimpleVC.swift */,
				CBDD0A432D4EC25D00756725 /* SimpleUIView.swift */,
				CBDD0A472D4EC34200756725 /* SimpleContainerUIView.swift */,
			);
			path = SimpleCoordinatorS;
			sourceTree = "<group>";
		};
/* End PBXGroup section */

/* Begin PBXNativeTarget section */
		CBC9203D2CC9E69500BF20EE /* SwiftUIReference */ = {
			isa = PBXNativeTarget;
			buildConfigurationList = CBC920622CC9E69600BF20EE /* Build configuration list for PBXNativeTarget "SwiftUIReference" */;
			buildPhases = (
				CBC9203A2CC9E69500BF20EE /* Sources */,
				CBC9203B2CC9E69500BF20EE /* Frameworks */,
				CBC9203C2CC9E69500BF20EE /* Resources */,
			);
			buildRules = (
			);
			dependencies = (
			);
			fileSystemSynchronizedGroups = (
				CBB071CD303944210002D883 /* ReferenceComponents */,
				CBB071D23039458B0002D883 /* Navigation */,
				CBB07200303946010002D883 /* ListCollections */,
				CBB0721E303947770002D883 /* DataFlow */,
				CBB0722B303947C20002D883 /* Buttons */,
				CBB072A8303950620002D883 /* Extensions & Modifiers */,
				CBB07329304921CF0002D883 /* Network */,
				CBB0739D304B3C5D0002D883 /* CustomComponents */,
			);
			name = SwiftUIReference;
			productName = SwiftUIReference;
			productReference = CBC9203E2CC9E69500BF20EE /* SwiftUIReference.app */;
			productType = "com.apple.product-type.application";
		};
		CBC9204D2CC9E69600BF20EE /* SwiftUIReferenceTests */ = {
			isa = PBXNativeTarget;
			buildConfigurationList = CBC920652CC9E69600BF20EE /* Build configuration list for PBXNativeTarget "SwiftUIReferenceTests" */;
			buildPhases = (
				CBC9204A2CC9E69600BF20EE /* Sources */,
				CBC9204B2CC9E69600BF20EE /* Frameworks */,
				CBC9204C2CC9E69600BF20EE /* Resources */,
			);
			buildRules = (
			);
			dependencies = (
				CBC920502CC9E69600BF20EE /* PBXTargetDependency */,
			);
			fileSystemSynchronizedGroups = (
				CBB0722B303947C20002D883 /* Buttons */,
				CBB0739D304B3C5D0002D883 /* CustomComponents */,
			);
			name = SwiftUIReferenceTests;
			productName = SwiftUIReferenceTests;
			productReference = CBC9204E2CC9E69600BF20EE /* SwiftUIReferenceTests.xctest */;
			productType = "com.apple.product-type.bundle.unit-test";
		};
		CBC920572CC9E69600BF20EE /* SwiftUIReferenceUITests */ = {
			isa = PBXNativeTarget;
			buildConfigurationList = CBC920682CC9E69600BF20EE /* Build configuration list for PBXNativeTarget "SwiftUIReferenceUITests" */;
			buildPhases = (
				CBC920542CC9E69600BF20EE /* Sources */,
				CBC920552CC9E69600BF20EE /* Frameworks */,
				CBC920562CC9E69600BF20EE /* Resources */,
			);
			buildRules = (
			);
			dependencies = (
				CBC9205A2CC9E69600BF20EE /* PBXTargetDependency */,
			);
			fileSystemSynchronizedGroups = (
				CBB0722B303947C20002D883 /* Buttons */,
				CBB0739D304B3C5D0002D883 /* CustomComponents */,
			);
			name = SwiftUIReferenceUITests;
			productName = SwiftUIReferenceUITests;
			productReference = CBC920582CC9E69600BF20EE /* SwiftUIReferenceUITests.xctest */;
			productType = "com.apple.product-type.bundle.ui-testing";
		};
/* End PBXNativeTarget section */

/* Begin PBXProject section */
		CBC920362CC9E69500BF20EE /* Project object */ = {
			isa = PBXProject;
			attributes = {
				BuildIndependentTargetsInParallel = 1;
				LastSwiftUpdateCheck = 1530;
				LastUpgradeCheck = 2640;
				TargetAttributes = {
					CBC9203D2CC9E69500BF20EE = {
						CreatedOnToolsVersion = 15.3;
					};
					CBC9204D2CC9E69600BF20EE = {
						CreatedOnToolsVersion = 15.3;
						TestTargetID = CBC9203D2CC9E69500BF20EE;
					};
					CBC920572CC9E69600BF20EE = {
						CreatedOnToolsVersion = 15.3;
						TestTargetID = CBC9203D2CC9E69500BF20EE;
					};
				};
			};
			buildConfigurationList = CBC920392CC9E69500BF20EE /* Build configuration list for PBXProject "SwiftUIReference" */;
			compatibilityVersion = "Xcode 14.0";
			developmentRegion = en;
			hasScannedForEncodings = 0;
			knownRegions = (
				en,
				Base,
			);
			mainGroup = CBC920352CC9E69500BF20EE;
			packageReferences = (
				CBB07471304BB4E80002D883 /* XCRemoteSwiftPackageReference "LaTeXSwiftUI" */,
			);
			productRefGroup = CBC9203F2CC9E69500BF20EE /* Products */;
			projectDirPath = "";
			projectRoot = "";
			targets = (
				CBC9203D2CC9E69500BF20EE /* SwiftUIReference */,
				CBC9204D2CC9E69600BF20EE /* SwiftUIReferenceTests */,
				CBC920572CC9E69600BF20EE /* SwiftUIReferenceUITests */,
			);
		};
/* End PBXProject section */

/* Begin PBXResourcesBuildPhase section */
		CBC9203C2CC9E69500BF20EE /* Resources */ = {
			isa = PBXResourcesBuildPhase;
			buildActionMask = 2147483647;
			files = (
				CBC920492CC9E69600BF20EE /* Preview Assets.xcassets in Resources */,
				CBC920462CC9E69600BF20EE /* Assets.xcassets in Resources */,
				CBB07488304BB6210002D883 /* readme.txt in Resources */,
				CBB07489304BB6210002D883 /* pixel12x10.txt in Resources */,
				CBB0748A304BB6210002D883 /* Pixel12x10.ttf in Resources */,
				CBB0748B304BB6210002D883 /* Driving Fast.mp3 in Resources */,
				CBB0748C304BB6210002D883 /* Pixel12x10Mono.ttf in Resources */,
			);
			runOnlyForDeploymentPostprocessing = 0;
		};
		CBC9204C2CC9E69600BF20EE /* Resources */ = {
			isa = PBXResourcesBuildPhase;
			buildActionMask = 2147483647;
			files = (
				CBB0747E304BB6210002D883 /* readme.txt in Resources */,
				CBB0747F304BB6210002D883 /* pixel12x10.txt in Resources */,
				CBB07480304BB6210002D883 /* Pixel12x10.ttf in Resources */,
				CBB07481304BB6210002D883 /* Driving Fast.mp3 in Resources */,
				CBB07482304BB6210002D883 /* Pixel12x10Mono.ttf in Resources */,
			);
			runOnlyForDeploymentPostprocessing = 0;
		};
		CBC920562CC9E69600BF20EE /* Resources */ = {
			isa = PBXResourcesBuildPhase;
			buildActionMask = 2147483647;
			files = (
				CBB07483304BB6210002D883 /* readme.txt in Resources */,
				CBB07484304BB6210002D883 /* pixel12x10.txt in Resources */,
				CBB07485304BB6210002D883 /* Pixel12x10.ttf in Resources */,
				CBB07486304BB6210002D883 /* Driving Fast.mp3 in Resources */,
				CBB07487304BB6210002D883 /* Pixel12x10Mono.ttf in Resources */,
			);
			runOnlyForDeploymentPostprocessing = 0;
		};
/* End PBXResourcesBuildPhase section */

/* Begin PBXSourcesBuildPhase section */
		CBC9203A2CC9E69500BF20EE /* Sources */ = {
			isa = PBXSourcesBuildPhase;
			buildActionMask = 2147483647;
			files = (
				CB4FEF242D4BFE9000B0CDA1 /* ComplexAlertView.swift in Sources */,
				CBB073283047D5A50002D883 /* CategoryDetailView.swift in Sources */,
				CBDD0A452D4EC25D00756725 /* SimpleUIView.swift in Sources */,
				CBB073233047D36C0002D883 /* CategoryView.swift in Sources */,
				CB4FEF222D4BF67800B0CDA1 /* SimpleAlertRefView.swift in Sources */,
				CBB073A0304B50F50002D883 /* DetailItem.swift in Sources */,
				CBDD0A942D5123E200756725 /* LazyLoadingTableView.swift in Sources */,
				CBDD0A4A2D4EC34200756725 /* SimpleContainerUIView.swift in Sources */,
				CBB072B030396EC20002D883 /* PopoverSampleView.swift in Sources */,
				CBC920442CC9E69500BF20EE /* ContentView.swift in Sources */,
				CBB0731A3047CA400002D883 /* Category.swift in Sources */,
				CBDD0A402D4EBEA600756725 /* SimpleVC.swift in Sources */,
				CBC920422CC9E69500BF20EE /* SwiftUIReferenceApp.swift in Sources */,
				CBDD0A792D50946B00756725 /* ContentViewModel.swift in Sources */,
				CBDD0A4E2D4F14F800756725 /* TextAndLabelsUIView.swift in Sources */,
				CBB0731F3047CBBB0002D883 /* CategoriesDataModel.swift in Sources */,
				CBDD0A972D51245300756725 /* MyTableViewController.swift in Sources */,
				CBDD0A8A2D5110D800756725 /* AccessibilityRefView.swift in Sources */,
				CBB072AE30396C5C0002D883 /* ColorsSampleView.swift in Sources */,
				CBDD0A8E2D5118BE00756725 /* AutomaticGrammarAgreementRefView.swift in Sources */,
			);
			runOnlyForDeploymentPostprocessing = 0;
		};
		CBC9204A2CC9E69600BF20EE /* Sources */ = {
			isa = PBXSourcesBuildPhase;
			buildActionMask = 2147483647;
			files = (
				CBB073203047CBBB0002D883 /* CategoriesDataModel.swift in Sources */,
				CBDD0A482D4EC34200756725 /* SimpleContainerUIView.swift in Sources */,
				CBDD0A892D5110D800756725 /* AccessibilityRefView.swift in Sources */,
				CBB0731B3047CA400002D883 /* Category.swift in Sources */,
				CBDD0A412D4EBEA600756725 /* SimpleVC.swift in Sources */,
				CBDD0A462D4EC25D00756725 /* SimpleUIView.swift in Sources */,
				CBDD0A7A2D50946B00756725 /* ContentViewModel.swift in Sources */,
				CB4FEF252D4BFE9000B0CDA1 /* ComplexAlertView.swift in Sources */,
				CBB073243047D36C0002D883 /* CategoryView.swift in Sources */,
				CBC920532CC9E69600BF20EE /* SwiftUIReferenceTests.swift in Sources */,
				CBB072B130396EC20002D883 /* PopoverSampleView.swift in Sources */,
				CBDD0A982D51245300756725 /* MyTableViewController.swift in Sources */,
				CBDD0A8F2D5118BE00756725 /* AutomaticGrammarAgreementRefView.swift in Sources */,
				CBB072AD30396C5C0002D883 /* ColorsSampleView.swift in Sources */,
				CBDD0A4F2D4F14F800756725 /* TextAndLabelsUIView.swift in Sources */,
				CBDD0A932D5123E200756725 /* LazyLoadingTableView.swift in Sources */,
				CBB0739F304B50F50002D883 /* DetailItem.swift in Sources */,
				CBB073273047D5A50002D883 /* CategoryDetailView.swift in Sources */,
			);
			runOnlyForDeploymentPostprocessing = 0;
		};
		CBC920542CC9E69600BF20EE /* Sources */ = {
			isa = PBXSourcesBuildPhase;
			buildActionMask = 2147483647;
			files = (
				CBB073A1304B50F50002D883 /* DetailItem.swift in Sources */,
				CBDD0A4D2D4F14F800756725 /* TextAndLabelsUIView.swift in Sources */,
				CBC9205F2CC9E69600BF20EE /* SwiftUIReferenceUITestsLaunchTests.swift in Sources */,
				CBDD0A7B2D50946B00756725 /* ContentViewModel.swift in Sources */,
				CBB072B230396EC20002D883 /* PopoverSampleView.swift in Sources */,
				CB4FEF262D4BFE9000B0CDA1 /* ComplexAlertView.swift in Sources */,
				CBC9205D2CC9E69600BF20EE /* SwiftUIReferenceUITests.swift in Sources */,
				CBDD0A422D4EBEA600756725 /* SimpleVC.swift in Sources */,
				CBDD0A442D4EC25D00756725 /* SimpleUIView.swift in Sources */,
				CBDD0A902D5118BE00756725 /* AutomaticGrammarAgreementRefView.swift in Sources */,
				CBDD0A962D51245300756725 /* MyTableViewController.swift in Sources */,
				CBDD0A492D4EC34200756725 /* SimpleContainerUIView.swift in Sources */,
				CBB072AC30396C5C0002D883 /* ColorsSampleView.swift in Sources */,
				CBDD0A922D5123E200756725 /* LazyLoadingTableView.swift in Sources */,
				CBB0731C3047CA400002D883 /* Category.swift in Sources */,
				CBB073223047D36C0002D883 /* CategoryView.swift in Sources */,
				CBB0731E3047CBBB0002D883 /* CategoriesDataModel.swift in Sources */,
				CBDD0A8B2D5110D800756725 /* AccessibilityRefView.swift in Sources */,
				CBB073263047D5A50002D883 /* CategoryDetailView.swift in Sources */,
			);
			runOnlyForDeploymentPostprocessing = 0;
		};
/* End PBXSourcesBuildPhase section */

/* Begin PBXTargetDependency section */
		CBC920502CC9E69600BF20EE /* PBXTargetDependency */ = {
			isa = PBXTargetDependency;
			target = CBC9203D2CC9E69500BF20EE /* SwiftUIReference */;
			targetProxy = CBC9204F2CC9E69600BF20EE /* PBXContainerItemProxy */;
		};
		CBC9205A2CC9E69600BF20EE /* PBXTargetDependency */ = {
			isa = PBXTargetDependency;
			target = CBC9203D2CC9E69500BF20EE /* SwiftUIReference */;
			targetProxy = CBC920592CC9E69600BF20EE /* PBXContainerItemProxy */;
		};
/* End PBXTargetDependency section */

/* Begin XCBuildConfiguration section */
		CBC920602CC9E69600BF20EE /* Debug */ = {
			isa = XCBuildConfiguration;
			buildSettings = {
				ALWAYS_SEARCH_USER_PATHS = NO;
				ASSETCATALOG_COMPILER_GENERATE_SWIFT_ASSET_SYMBOL_EXTENSIONS = YES;
				CLANG_ANALYZER_NONNULL = YES;
				CLANG_ANALYZER_NUMBER_OBJECT_CONVERSION = YES_AGGRESSIVE;
				CLANG_CXX_LANGUAGE_STANDARD = "gnu++20";
				CLANG_ENABLE_MODULES = YES;
				CLANG_ENABLE_OBJC_ARC = YES;
				CLANG_ENABLE_OBJC_WEAK = YES;
				CLANG_WARN_BLOCK_CAPTURE_AUTORELEASING = YES;
				CLANG_WARN_BOOL_CONVERSION = YES;
				CLANG_WARN_COMMA = YES;
				CLANG_WARN_CONSTANT_CONVERSION = YES;
				CLANG_WARN_DEPRECATED_OBJC_IMPLEMENTATIONS = YES;
				CLANG_WARN_DIRECT_OBJC_ISA_USAGE = YES_ERROR;
				CLANG_WARN_DOCUMENTATION_COMMENTS = YES;
				CLANG_WARN_EMPTY_BODY = YES;
				CLANG_WARN_ENUM_CONVERSION = YES;
				CLANG_WARN_INFINITE_RECURSION = YES;
				CLANG_WARN_INT_CONVERSION = YES;
				CLANG_WARN_NON_LITERAL_NULL_CONVERSION = YES;
				CLANG_WARN_OBJC_IMPLICIT_RETAIN_SELF = YES;
				CLANG_WARN_OBJC_LITERAL_CONVERSION = YES;
				CLANG_WARN_OBJC_ROOT_CLASS = YES_ERROR;
				CLANG_WARN_QUOTED_INCLUDE_IN_FRAMEWORK_HEADER = YES;
				CLANG_WARN_RANGE_LOOP_ANALYSIS = YES;
				CLANG_WARN_STRICT_PROTOTYPES = YES;
				CLANG_WARN_SUSPICIOUS_MOVE = YES;
				CLANG_WARN_UNGUARDED_AVAILABILITY = YES_AGGRESSIVE;
				CLANG_WARN_UNREACHABLE_CODE = YES;
				CLANG_WARN__DUPLICATE_METHOD_MATCH = YES;
				COPY_PHASE_STRIP = NO;
				DEBUG_INFORMATION_FORMAT = dwarf;
				DEVELOPMENT_TEAM = J2242V6729;
				ENABLE_STRICT_OBJC_MSGSEND = YES;
				ENABLE_TESTABILITY = YES;
				ENABLE_USER_SCRIPT_SANDBOXING = YES;
				GCC_C_LANGUAGE_STANDARD = gnu17;
				GCC_DYNAMIC_NO_PIC = NO;
				GCC_NO_COMMON_BLOCKS = YES;
				GCC_OPTIMIZATION_LEVEL = 0;
				GCC_PREPROCESSOR_DEFINITIONS = (
					"DEBUG=1",
					"$(inherited)",
				);
				GCC_WARN_64_TO_32_BIT_CONVERSION = YES;
				GCC_WARN_ABOUT_RETURN_TYPE = YES_ERROR;
				GCC_WARN_UNDECLARED_SELECTOR = YES;
				GCC_WARN_UNINITIALIZED_AUTOS = YES_AGGRESSIVE;
				GCC_WARN_UNUSED_FUNCTION = YES;
				GCC_WARN_UNUSED_VARIABLE = YES;
				IPHONEOS_DEPLOYMENT_TARGET = 17.4;
				LOCALIZATION_PREFERS_STRING_CATALOGS = YES;
				MTL_ENABLE_DEBUG_INFO = INCLUDE_SOURCE;
				MTL_FAST_MATH = YES;
				ONLY_ACTIVE_ARCH = YES;
				SDKROOT = iphoneos;
				STRING_CATALOG_GENERATE_SYMBOLS = YES;
				SWIFT_ACTIVE_COMPILATION_CONDITIONS = "DEBUG $(inherited)";
				SWIFT_OPTIMIZATION_LEVEL = "-Onone";
			};
			name = Debug;
		};
		CBC920612CC9E69600BF20EE /* Release */ = {
			isa = XCBuildConfiguration;
			buildSettings = {
				ALWAYS_SEARCH_USER_PATHS = NO;
				ASSETCATALOG_COMPILER_GENERATE_SWIFT_ASSET_SYMBOL_EXTENSIONS = YES;
				CLANG_ANALYZER_NONNULL = YES;
				CLANG_ANALYZER_NUMBER_OBJECT_CONVERSION = YES_AGGRESSIVE;
				CLANG_CXX_LANGUAGE_STANDARD = "gnu++20";
				CLANG_ENABLE_MODULES = YES;
				CLANG_ENABLE_OBJC_ARC = YES;
				CLANG_ENABLE_OBJC_WEAK = YES;
				CLANG_WARN_BLOCK_CAPTURE_AUTORELEASING = YES;
				CLANG_WARN_BOOL_CONVERSION = YES;
				CLANG_WARN_COMMA = YES;
				CLANG_WARN_CONSTANT_CONVERSION = YES;
				CLANG_WARN_DEPRECATED_OBJC_IMPLEMENTATIONS = YES;
				CLANG_WARN_DIRECT_OBJC_ISA_USAGE = YES_ERROR;
				CLANG_WARN_DOCUMENTATION_COMMENTS = YES;
				CLANG_WARN_EMPTY_BODY = YES;
				CLANG_WARN_ENUM_CONVERSION = YES;
				CLANG_WARN_INFINITE_RECURSION = YES;
				CLANG_WARN_INT_CONVERSION = YES;
				CLANG_WARN_NON_LITERAL_NULL_CONVERSION = YES;
				CLANG_WARN_OBJC_IMPLICIT_RETAIN_SELF = YES;
				CLANG_WARN_OBJC_LITERAL_CONVERSION = YES;
				CLANG_WARN_OBJC_ROOT_CLASS = YES_ERROR;
				CLANG_WARN_QUOTED_INCLUDE_IN_FRAMEWORK_HEADER = YES;
				CLANG_WARN_RANGE_LOOP_ANALYSIS = YES;
				CLANG_WARN_STRICT_PROTOTYPES = YES;
				CLANG_WARN_SUSPICIOUS_MOVE = YES;
				CLANG_WARN_UNGUARDED_AVAILABILITY = YES_AGGRESSIVE;
				CLANG_WARN_UNREACHABLE_CODE = YES;
				CLANG_WARN__DUPLICATE_METHOD_MATCH = YES;
				COPY_PHASE_STRIP = NO;
				DEBUG_INFORMATION_FORMAT = "dwarf-with-dsym";
				DEVELOPMENT_TEAM = J2242V6729;
				ENABLE_NS_ASSERTIONS = NO;
				ENABLE_STRICT_OBJC_MSGSEND = YES;
				ENABLE_USER_SCRIPT_SANDBOXING = YES;
				GCC_C_LANGUAGE_STANDARD = gnu17;
				GCC_NO_COMMON_BLOCKS = YES;
				GCC_WARN_64_TO_32_BIT_CONVERSION = YES;
				GCC_WARN_ABOUT_RETURN_TYPE = YES_ERROR;
				GCC_WARN_UNDECLARED_SELECTOR = YES;
				GCC_WARN_UNINITIALIZED_AUTOS = YES_AGGRESSIVE;
				GCC_WARN_UNUSED_FUNCTION = YES;
				GCC_WARN_UNUSED_VARIABLE = YES;
				IPHONEOS_DEPLOYMENT_TARGET = 17.4;
				LOCALIZATION_PREFERS_STRING_CATALOGS = YES;
				MTL_ENABLE_DEBUG_INFO = NO;
				MTL_FAST_MATH = YES;
				SDKROOT = iphoneos;
				STRING_CATALOG_GENERATE_SYMBOLS = YES;
				SWIFT_COMPILATION_MODE = wholemodule;
				VALIDATE_PRODUCT = YES;
			};
			name = Release;
		};
		CBC920632CC9E69600BF20EE /* Debug */ = {
			isa = XCBuildConfiguration;
			buildSettings = {
				ASSETCATALOG_COMPILER_APPICON_NAME = AppIcon;
				ASSETCATALOG_COMPILER_GLOBAL_ACCENT_COLOR_NAME = AccentColor;
				CODE_SIGN_STYLE = Automatic;
				CURRENT_PROJECT_VERSION = 1;
				DEVELOPMENT_ASSET_PATHS = "\"SwiftUIReference/Preview Content\"";
				ENABLE_PREVIEWS = YES;
				GENERATE_INFOPLIST_FILE = YES;
				INFOPLIST_FILE = SwiftUIReference/Info.plist;
				INFOPLIST_KEY_UIApplicationSceneManifest_Generation = YES;
				INFOPLIST_KEY_UIApplicationSupportsIndirectInputEvents = YES;
				INFOPLIST_KEY_UILaunchScreen_Generation = YES;
				INFOPLIST_KEY_UISupportedInterfaceOrientations_iPad = "UIInterfaceOrientationPortrait UIInterfaceOrientationPortraitUpsideDown UIInterfaceOrientationLandscapeLeft UIInterfaceOrientationLandscapeRight";
				INFOPLIST_KEY_UISupportedInterfaceOrientations_iPhone = "UIInterfaceOrientationPortrait UIInterfaceOrientationLandscapeLeft UIInterfaceOrientationLandscapeRight";
				IPHONEOS_DEPLOYMENT_TARGET = 17.0;
				LD_RUNPATH_SEARCH_PATHS = (
					"$(inherited)",
					"@executable_path/Frameworks",
				);
				MARKETING_VERSION = 1.0;
				PRODUCT_BUNDLE_IDENTIFIER = com.dubydigital.reference.collection.SwiftUIReference;
				PRODUCT_NAME = "$(TARGET_NAME)";
				SWIFT_EMIT_LOC_STRINGS = YES;
				SWIFT_VERSION = 5.0;
				TARGETED_DEVICE_FAMILY = "1,2";
			};
			name = Debug;
		};
		CBC920642CC9E69600BF20EE /* Release */ = {
			isa = XCBuildConfiguration;
			buildSettings = {
				ASSETCATALOG_COMPILER_APPICON_NAME = AppIcon;
				ASSETCATALOG_COMPILER_GLOBAL_ACCENT_COLOR_NAME = AccentColor;
				CODE_SIGN_STYLE = Automatic;
				CURRENT_PROJECT_VERSION = 1;
				DEVELOPMENT_ASSET_PATHS = "\"SwiftUIReference/Preview Content\"";
				ENABLE_PREVIEWS = YES;
				GENERATE_INFOPLIST_FILE = YES;
				INFOPLIST_FILE = SwiftUIReference/Info.plist;
				INFOPLIST_KEY_UIApplicationSceneManifest_Generation = YES;
				INFOPLIST_KEY_UIApplicationSupportsIndirectInputEvents = YES;
				INFOPLIST_KEY_UILaunchScreen_Generation = YES;
				INFOPLIST_KEY_UISupportedInterfaceOrientations_iPad = "UIInterfaceOrientationPortrait UIInterfaceOrientationPortraitUpsideDown UIInterfaceOrientationLandscapeLeft UIInterfaceOrientationLandscapeRight";
				INFOPLIST_KEY_UISupportedInterfaceOrientations_iPhone = "UIInterfaceOrientationPortrait UIInterfaceOrientationLandscapeLeft UIInterfaceOrientationLandscapeRight";
				IPHONEOS_DEPLOYMENT_TARGET = 17.0;
				LD_RUNPATH_SEARCH_PATHS = (
					"$(inherited)",
					"@executable_path/Frameworks",
				);
				MARKETING_VERSION = 1.0;
				PRODUCT_BUNDLE_IDENTIFIER = com.dubydigital.reference.collection.SwiftUIReference;
				PRODUCT_NAME = "$(TARGET_NAME)";
				SWIFT_EMIT_LOC_STRINGS = YES;
				SWIFT_VERSION = 5.0;
				TARGETED_DEVICE_FAMILY = "1,2";
			};
			name = Release;
		};
		CBC920662CC9E69600BF20EE /* Debug */ = {
			isa = XCBuildConfiguration;
			buildSettings = {
				BUNDLE_LOADER = "$(TEST_HOST)";
				CODE_SIGN_STYLE = Automatic;
				CURRENT_PROJECT_VERSION = 1;
				GENERATE_INFOPLIST_FILE = YES;
				IPHONEOS_DEPLOYMENT_TARGET = 17.4;
				MARKETING_VERSION = 1.0;
				PRODUCT_BUNDLE_IDENTIFIER = com.dubydigital.reference.collection.SwiftUIReferenceTests;
				PRODUCT_NAME = "$(TARGET_NAME)";
				SWIFT_EMIT_LOC_STRINGS = NO;
				SWIFT_VERSION = 5.0;
				TARGETED_DEVICE_FAMILY = "1,2";
				TEST_HOST = "$(BUILT_PRODUCTS_DIR)/SwiftUIReference.app/$(BUNDLE_EXECUTABLE_FOLDER_PATH)/SwiftUIReference";
			};
			name = Debug;
		};
		CBC920672CC9E69600BF20EE /* Release */ = {
			isa = XCBuildConfiguration;
			buildSettings = {
				BUNDLE_LOADER = "$(TEST_HOST)";
				CODE_SIGN_STYLE = Automatic;
				CURRENT_PROJECT_VERSION = 1;
				GENERATE_INFOPLIST_FILE = YES;
				IPHONEOS_DEPLOYMENT_TARGET = 17.4;
				MARKETING_VERSION = 1.0;
				PRODUCT_BUNDLE_IDENTIFIER = com.dubydigital.reference.collection.SwiftUIReferenceTests;
				PRODUCT_NAME = "$(TARGET_NAME)";
				SWIFT_EMIT_LOC_STRINGS = NO;
				SWIFT_VERSION = 5.0;
				TARGETED_DEVICE_FAMILY = "1,2";
				TEST_HOST = "$(BUILT_PRODUCTS_DIR)/SwiftUIReference.app/$(BUNDLE_EXECUTABLE_FOLDER_PATH)/SwiftUIReference";
			};
			name = Release;
		};
		CBC920692CC9E69600BF20EE /* Debug */ = {
			isa = XCBuildConfiguration;
			buildSettings = {
				CODE_SIGN_STYLE = Automatic;
				CURRENT_PROJECT_VERSION = 1;
				GENERATE_INFOPLIST_FILE = YES;
				MARKETING_VERSION = 1.0;
				PRODUCT_BUNDLE_IDENTIFIER = com.dubydigital.reference.collection.SwiftUIReferenceUITests;
				PRODUCT_NAME = "$(TARGET_NAME)";
				SWIFT_EMIT_LOC_STRINGS = NO;
				SWIFT_VERSION = 5.0;
				TARGETED_DEVICE_FAMILY = "1,2";
				TEST_TARGET_NAME = SwiftUIReference;
			};
			name = Debug;
		};
		CBC9206A2CC9E69600BF20EE /* Release */ = {
			isa = XCBuildConfiguration;
			buildSettings = {
				CODE_SIGN_STYLE = Automatic;
				CURRENT_PROJECT_VERSION = 1;
				GENERATE_INFOPLIST_FILE = YES;
				MARKETING_VERSION = 1.0;
				PRODUCT_BUNDLE_IDENTIFIER = com.dubydigital.reference.collection.SwiftUIReferenceUITests;
				PRODUCT_NAME = "$(TARGET_NAME)";
				SWIFT_EMIT_LOC_STRINGS = NO;
				SWIFT_VERSION = 5.0;
				TARGETED_DEVICE_FAMILY = "1,2";
				TEST_TARGET_NAME = SwiftUIReference;
			};
			name = Release;
		};
/* End XCBuildConfiguration section */

/* Begin XCConfigurationList section */
		CBC920392CC9E69500BF20EE /* Build configuration list for PBXProject "SwiftUIReference" */ = {
			isa = XCConfigurationList;
			buildConfigurations = (
				CBC920602CC9E69600BF20EE /* Debug */,
				CBC920612CC9E69600BF20EE /* Release */,
			);
			defaultConfigurationIsVisible = 0;
			defaultConfigurationName = Release;
		};
		CBC920622CC9E69600BF20EE /* Build configuration list for PBXNativeTarget "SwiftUIReference" */ = {
			isa = XCConfigurationList;
			buildConfigurations = (
				CBC920632CC9E69600BF20EE /* Debug */,
				CBC920642CC9E69600BF20EE /* Release */,
			);
			defaultConfigurationIsVisible = 0;
			defaultConfigurationName = Release;
		};
		CBC920652CC9E69600BF20EE /* Build configuration list for PBXNativeTarget "SwiftUIReferenceTests" */ = {
			isa = XCConfigurationList;
			buildConfigurations = (
				CBC920662CC9E69600BF20EE /* Debug */,
				CBC920672CC9E69600BF20EE /* Release */,
			);
			defaultConfigurationIsVisible = 0;
			defaultConfigurationName = Release;
		};
		CBC920682CC9E69600BF20EE /* Build configuration list for PBXNativeTarget "SwiftUIReferenceUITests" */ = {
			isa = XCConfigurationList;
			buildConfigurations = (
				CBC920692CC9E69600BF20EE /* Debug */,
				CBC9206A2CC9E69600BF20EE /* Release */,
			);
			defaultConfigurationIsVisible = 0;
			defaultConfigurationName = Release;
		};
/* End XCConfigurationList section */

/* Begin XCRemoteSwiftPackageReference section */
		CBB07471304BB4E80002D883 /* XCRemoteSwiftPackageReference "LaTeXSwiftUI" */ = {
			isa = XCRemoteSwiftPackageReference;
			repositoryURL = "https://github.com/colinc86/LaTeXSwiftUI";
			requirement = {
				branch = main;
				kind = branch;
			};
		};
/* End XCRemoteSwiftPackageReference section */

/* Begin XCSwiftPackageProductDependency section */
		CBB07472304BB4E80002D883 /* LaTeXSwiftUI */ = {
			isa = XCSwiftPackageProductDependency;
			package = CBB07471304BB4E80002D883 /* XCRemoteSwiftPackageReference "LaTeXSwiftUI" */;
			productName = LaTeXSwiftUI;
		};
/* End XCSwiftPackageProductDependency section */
	};
	rootObject = CBC920362CC9E69500BF20EE /* Project object */;
}
